
Microsoft Visual Studio Solution File, Format Version 12.00
# Visual Studio 15
VisualStudioVersion = 15.0.28307.271
MinimumVisualStudioVersion = 10.0.40219.1
Project("{FAE04EC0-301F-11D3-BF4B-00C04F79EFBC}") = "IHOC_APP", "IHOC_APP\IHOC_APP.csproj", "{DC169706-84DE-4BBE-999E-46563D39A3BF}"
EndProject
Project("{FAE04EC0-301F-11D3-BF4B-00C04F79EFBC}") = "CoffeLibrary", "..\CoffeLibrary\CoffeLibrary\CoffeLibrary.csproj", "{38783333-27A9-4BBB-A539-9E87009F4116}"
EndProject
Global
	GlobalSection(SolutionConfigurationPlatforms) = preSolution
		Debug|Any CPU = Debug|Any CPU
		Release|Any CPU = Release|Any CPU
	EndGlobalSection
	GlobalSection(ProjectConfigurationPlatforms) = postSolution
		{DC169706-84DE-4BBE-999E-46563D39A3BF}.Debug|Any CPU.ActiveCfg = Debug|Any CPU
		{DC169706-84DE-4BBE-999E-46563D39A3BF}.Debug|Any CPU.Build.0 = Debug|Any CPU
		{DC169706-84DE-4BBE-999E-46563D39A3BF}.Release|Any CPU.ActiveCfg = Release|Any CPU
		{DC169706-84DE-4BBE-999E-46563D39A3BF}.Release|Any CPU.Build.0 = Release|Any CPU
		{38783333-27A9-4BBB-A539-9E87009F4116}.Debug|Any CPU.ActiveCfg = Debug|Any CPU
		{38783333-27A9-4BBB-A539-9E87009F4116}.Debug|Any CPU.Build.0 = Debug|Any CPU
		{38783333-27A9-4BBB-A539-9E87009F4116}.Release|Any CPU.ActiveCfg = Release|Any CPU
		{38783333-27A9-4BBB-A539-9E87009F4116}.Release|Any CPU.Build.0 = Release|Any CPU
	EndGlobalSection
	GlobalSection(SolutionProperties) = preSolution
		HideSolutionNode = FALSE
	EndGlobalSection
	GlobalSection(ExtensibilityGlobals) = postSolution
		SolutionGuid = {A5464C62-8ABF-4D7E-A6C4-5FD244141CCA}
	EndGlobalSection
EndGlobal
